
Microsoft Visual Studio Solution File, Format Version 12.00
# Visual Studio Version 17
VisualStudioVersion = 17.10.34928.147
MinimumVisualStudioVersion = 10.0.40219.1
Project("{FAE04EC0-301F-11D3-BF4B-00C04F79EFBC}") = "WebAPI", "WebAPI\WebAPI.csproj", "{1C3C97A6-A651-4518-9B58-71FA9BABC7B9}"
EndProject
Global
	GlobalSection(SolutionConfigurationPlatforms) = preSolution
		Debug|Any CPU = Debug|Any CPU
		Release|Any CPU = Release|Any CPU
	EndGlobalSection
	GlobalSection(ProjectConfigurationPlatforms) = postSolution
		{1C3C97A6-A651-4518-9B58-71FA9BABC7B9}.Debug|Any CPU.ActiveCfg = Debug|Any CPU
		{1C3C97A6-A651-4518-9B58-71FA9BABC7B9}.Debug|Any CPU.Build.0 = Debug|Any CPU
		{1C3C97A6-A651-4518-9B58-71FA9BABC7B9}.Release|Any CPU.ActiveCfg = Release|Any CPU
		{1C3C97A6-A651-4518-9B58-71FA9BABC7B9}.Release|Any CPU.Build.0 = Release|Any CPU
	EndGlobalSection
	GlobalSection(SolutionProperties) = preSolution
		HideSolutionNode = FALSE
	EndGlobalSection
	GlobalSection(ExtensibilityGlobals) = postSolution
		SolutionGuid = {23054497-DBE5-408F-A42A-B49523E525C1}
	EndGlobalSection
EndGlobal
